
Microsoft Visual Studio Solution File, Format Version 12.00
# Visual Studio Version 16
VisualStudioVersion = 16.0.30804.86
MinimumVisualStudioVersion = 10.0.40219.1
Project("{8BC9CEB8-8B4A-11D0-8D11-00A0C91BC942}") = "Practice1", "Practice1\Practice1.vcxproj", "{3AF9CAE8-41C1-4838-ABB2-7FBB795E597F}"
EndProject
Global
	GlobalSection(SolutionConfigurationPlatforms) = preSolution
		Debug|x64 = Debug|x64
		Debug|x86 = Debug|x86
		Release|x64 = Release|x64
		Release|x86 = Release|x86
	EndGlobalSection
	GlobalSection(ProjectConfigurationPlatforms) = postSolution
		{3AF9CAE8-41C1-4838-ABB2-7FBB795E597F}.Debug|x64.ActiveCfg = Debug|x64
		{3AF9CAE8-41C1-4838-ABB2-7FBB795E597F}.Debug|x64.Build.0 = Debug|x64
		{3AF9CAE8-41C1-4838-ABB2-7FBB795E597F}.Debug|x86.ActiveCfg = Debug|Win32
		{3AF9CAE8-41C1-4838-ABB2-7FBB795E597F}.Debug|x86.Build.0 = Debug|Win32
		{3AF9CAE8-41C1-4838-ABB2-7FBB795E597F}.Release|x64.ActiveCfg = Release|x64
		{3AF9CAE8-41C1-4838-ABB2-7FBB795E597F}.Release|x64.Build.0 = Release|x64
		{3AF9CAE8-41C1-4838-ABB2-7FBB795E597F}.Release|x86.ActiveCfg = Release|Win32
		{3AF9CAE8-41C1-4838-ABB2-7FBB795E597F}.Release|x86.Build.0 = Release|Win32
	EndGlobalSection
	GlobalSection(SolutionProperties) = preSolution
		HideSolutionNode = FALSE
	EndGlobalSection
	GlobalSection(ExtensibilityGlobals) = postSolution
		SolutionGuid = {6C76F245-C21F-4249-A45E-74435F8EF887}
	EndGlobalSection
EndGlobal
